
Microsoft Visual Studio Solution File, Format Version 12.00
# Visual Studio Version 17
VisualStudioVersion = 17.6.33723.286
MinimumVisualStudioVersion = 10.0.40219.1
Project("{FAE04EC0-301F-11D3-BF4B-00C04F79EFBC}") = "loopOperation", "loopOperation\loopOperation.csproj", "{5C2CA2E1-097D-4860-AD64-E96734E8AE0F}"
EndProject
Global
	GlobalSection(SolutionConfigurationPlatforms) = preSolution
		Debug|Any CPU = Debug|Any CPU
		Release|Any CPU = Release|Any CPU
	EndGlobalSection
	GlobalSection(ProjectConfigurationPlatforms) = postSolution
		{5C2CA2E1-097D-4860-AD64-E96734E8AE0F}.Debug|Any CPU.ActiveCfg = Debug|Any CPU
		{5C2CA2E1-097D-4860-AD64-E96734E8AE0F}.Debug|Any CPU.Build.0 = Debug|Any CPU
		{5C2CA2E1-097D-4860-AD64-E96734E8AE0F}.Release|Any CPU.ActiveCfg = Release|Any CPU
		{5C2CA2E1-097D-4860-AD64-E96734E8AE0F}.Release|Any CPU.Build.0 = Release|Any CPU
	EndGlobalSection
	GlobalSection(SolutionProperties) = preSolution
		HideSolutionNode = FALSE
	EndGlobalSection
	GlobalSection(ExtensibilityGlobals) = postSolution
		SolutionGuid = {BFBF6B62-6831-4719-9C35-3F296F3AAE86}
	EndGlobalSection
EndGlobal
