
Microsoft Visual Studio Solution File, Format Version 12.00
# Visual Studio Version 17
VisualStudioVersion = 17.6.33723.286
MinimumVisualStudioVersion = 10.0.40219.1
Project("{FAE04EC0-301F-11D3-BF4B-00C04F79EFBC}") = "GridDemo", "GridDemo.csproj", "{7C713381-6E7B-4BF6-BB7D-586E86B49D6B}"
EndProject
Project("{FAE04EC0-301F-11D3-BF4B-00C04F79EFBC}") = "MyTodo", "..\MyTodo\MyTodo.csproj", "{98145611-6DA3-419F-B05C-D3AB71ECDCFD}"
EndProject
Project("{FAE04EC0-301F-11D3-BF4B-00C04F79EFBC}") = "DataBinding", "..\DataBinding\DataBinding.csproj", "{C65FB9FB-7D1C-47BA-9C42-95469F48E7FB}"
EndProject
Global
	GlobalSection(SolutionConfigurationPlatforms) = preSolution
		Debug|Any CPU = Debug|Any CPU
		Release|Any CPU = Release|Any CPU
	EndGlobalSection
	GlobalSection(ProjectConfigurationPlatforms) = postSolution
		{7C713381-6E7B-4BF6-BB7D-586E86B49D6B}.Debug|Any CPU.ActiveCfg = Debug|Any CPU
		{7C713381-6E7B-4BF6-BB7D-586E86B49D6B}.Debug|Any CPU.Build.0 = Debug|Any CPU
		{7C713381-6E7B-4BF6-BB7D-586E86B49D6B}.Release|Any CPU.ActiveCfg = Release|Any CPU
		{7C713381-6E7B-4BF6-BB7D-586E86B49D6B}.Release|Any CPU.Build.0 = Release|Any CPU
		{98145611-6DA3-419F-B05C-D3AB71ECDCFD}.Debug|Any CPU.ActiveCfg = Debug|Any CPU
		{98145611-6DA3-419F-B05C-D3AB71ECDCFD}.Debug|Any CPU.Build.0 = Debug|Any CPU
		{98145611-6DA3-419F-B05C-D3AB71ECDCFD}.Release|Any CPU.ActiveCfg = Release|Any CPU
		{98145611-6DA3-419F-B05C-D3AB71ECDCFD}.Release|Any CPU.Build.0 = Release|Any CPU
		{C65FB9FB-7D1C-47BA-9C42-95469F48E7FB}.Debug|Any CPU.ActiveCfg = Debug|Any CPU
		{C65FB9FB-7D1C-47BA-9C42-95469F48E7FB}.Debug|Any CPU.Build.0 = Debug|Any CPU
		{C65FB9FB-7D1C-47BA-9C42-95469F48E7FB}.Release|Any CPU.ActiveCfg = Release|Any CPU
		{C65FB9FB-7D1C-47BA-9C42-95469F48E7FB}.Release|Any CPU.Build.0 = Release|Any CPU
	EndGlobalSection
	GlobalSection(SolutionProperties) = preSolution
		HideSolutionNode = FALSE
	EndGlobalSection
	GlobalSection(ExtensibilityGlobals) = postSolution
		SolutionGuid = {5D78A5EF-05CE-46A9-8C17-E475A0B63278}
	EndGlobalSection
EndGlobal
