
Microsoft Visual Studio Solution File, Format Version 12.00
# Visual Studio Version 17
VisualStudioVersion = 17.6.33723.286
MinimumVisualStudioVersion = 10.0.40219.1
Project("{FAE04EC0-301F-11D3-BF4B-00C04F79EFBC}") = "CsharpAdvance", "CsharpAdvance\CsharpAdvance.csproj", "{C7F23404-B2BA-4297-8F6B-E17D48BA19D2}"
EndProject
Project("{FAE04EC0-301F-11D3-BF4B-00C04F79EFBC}") = "BuildinInterface", "BuildinInterface\BuildinInterface.csproj", "{278CECA8-2374-4944-BDC1-C26BC0F01E09}"
EndProject
Project("{FAE04EC0-301F-11D3-BF4B-00C04F79EFBC}") = "EventDelegate", "EventDelegate\EventDelegate.csproj", "{5575F18A-4BB1-4385-9ABC-8BABC18C20E6}"
EndProject
Global
	GlobalSection(SolutionConfigurationPlatforms) = preSolution
		Debug|Any CPU = Debug|Any CPU
		Release|Any CPU = Release|Any CPU
	EndGlobalSection
	GlobalSection(ProjectConfigurationPlatforms) = postSolution
		{C7F23404-B2BA-4297-8F6B-E17D48BA19D2}.Debug|Any CPU.ActiveCfg = Debug|Any CPU
		{C7F23404-B2BA-4297-8F6B-E17D48BA19D2}.Debug|Any CPU.Build.0 = Debug|Any CPU
		{C7F23404-B2BA-4297-8F6B-E17D48BA19D2}.Release|Any CPU.ActiveCfg = Release|Any CPU
		{C7F23404-B2BA-4297-8F6B-E17D48BA19D2}.Release|Any CPU.Build.0 = Release|Any CPU
		{278CECA8-2374-4944-BDC1-C26BC0F01E09}.Debug|Any CPU.ActiveCfg = Debug|Any CPU
		{278CECA8-2374-4944-BDC1-C26BC0F01E09}.Debug|Any CPU.Build.0 = Debug|Any CPU
		{278CECA8-2374-4944-BDC1-C26BC0F01E09}.Release|Any CPU.ActiveCfg = Release|Any CPU
		{278CECA8-2374-4944-BDC1-C26BC0F01E09}.Release|Any CPU.Build.0 = Release|Any CPU
		{5575F18A-4BB1-4385-9ABC-8BABC18C20E6}.Debug|Any CPU.ActiveCfg = Debug|Any CPU
		{5575F18A-4BB1-4385-9ABC-8BABC18C20E6}.Debug|Any CPU.Build.0 = Debug|Any CPU
		{5575F18A-4BB1-4385-9ABC-8BABC18C20E6}.Release|Any CPU.ActiveCfg = Release|Any CPU
		{5575F18A-4BB1-4385-9ABC-8BABC18C20E6}.Release|Any CPU.Build.0 = Release|Any CPU
	EndGlobalSection
	GlobalSection(SolutionProperties) = preSolution
		HideSolutionNode = FALSE
	EndGlobalSection
	GlobalSection(ExtensibilityGlobals) = postSolution
		SolutionGuid = {C941ED67-00AF-4216-8FDF-69147581BD57}
	EndGlobalSection
EndGlobal
